
Microsoft Visual Studio Solution File, Format Version 12.00
# Visual Studio Version 17
VisualStudioVersion = 17.8.34330.188
MinimumVisualStudioVersion = 10.0.40219.1
Project("{8BC9CEB8-8B4A-11D0-8D11-00A0C91BC942}") = "C++ Structs vs Classes", "C++ Structs vs Classes\C++ Structs vs Classes.vcxproj", "{A185EA3D-732B-4C14-8A05-4253099752FE}"
EndProject
Global
	GlobalSection(SolutionConfigurationPlatforms) = preSolution
		Debug|x64 = Debug|x64
		Debug|x86 = Debug|x86
		Release|x64 = Release|x64
		Release|x86 = Release|x86
	EndGlobalSection
	GlobalSection(ProjectConfigurationPlatforms) = postSolution
		{A185EA3D-732B-4C14-8A05-4253099752FE}.Debug|x64.ActiveCfg = Debug|x64
		{A185EA3D-732B-4C14-8A05-4253099752FE}.Debug|x64.Build.0 = Debug|x64
		{A185EA3D-732B-4C14-8A05-4253099752FE}.Debug|x86.ActiveCfg = Debug|Win32
		{A185EA3D-732B-4C14-8A05-4253099752FE}.Debug|x86.Build.0 = Debug|Win32
		{A185EA3D-732B-4C14-8A05-4253099752FE}.Release|x64.ActiveCfg = Release|x64
		{A185EA3D-732B-4C14-8A05-4253099752FE}.Release|x64.Build.0 = Release|x64
		{A185EA3D-732B-4C14-8A05-4253099752FE}.Release|x86.ActiveCfg = Release|Win32
		{A185EA3D-732B-4C14-8A05-4253099752FE}.Release|x86.Build.0 = Release|Win32
	EndGlobalSection
	GlobalSection(SolutionProperties) = preSolution
		HideSolutionNode = FALSE
	EndGlobalSection
	GlobalSection(ExtensibilityGlobals) = postSolution
		SolutionGuid = {6B164E80-13C7-48AE-906D-C3090CC37362}
	EndGlobalSection
EndGlobal
